
Microsoft Visual Studio Solution File, Format Version 12.00
Project("{FAE04EC0-301F-11D3-BF4B-00C04F79EFBC}") = "GLogin", "GLogin\GLogin.csproj", "{4C6A8252-878F-4949-BEB5-88012C1E3AB6}"
EndProject
Project("{FAE04EC0-301F-11D3-BF4B-00C04F79EFBC}") = "GLogin2", "GLogin2\GLogin2.csproj", "{5322514D-BF4E-4FE3-AE4B-7C75360C75B4}"
EndProject
Global
	GlobalSection(SolutionConfigurationPlatforms) = preSolution
		Debug|Any CPU = Debug|Any CPU
		Release|Any CPU = Release|Any CPU
	EndGlobalSection
	GlobalSection(ProjectConfigurationPlatforms) = postSolution
		{4C6A8252-878F-4949-BEB5-88012C1E3AB6}.Debug|Any CPU.ActiveCfg = Debug|Any CPU
		{4C6A8252-878F-4949-BEB5-88012C1E3AB6}.Debug|Any CPU.Build.0 = Debug|Any CPU
		{4C6A8252-878F-4949-BEB5-88012C1E3AB6}.Release|Any CPU.ActiveCfg = Release|Any CPU
		{4C6A8252-878F-4949-BEB5-88012C1E3AB6}.Release|Any CPU.Build.0 = Release|Any CPU
		{5322514D-BF4E-4FE3-AE4B-7C75360C75B4}.Debug|Any CPU.ActiveCfg = Debug|Any CPU
		{5322514D-BF4E-4FE3-AE4B-7C75360C75B4}.Debug|Any CPU.Build.0 = Debug|Any CPU
		{5322514D-BF4E-4FE3-AE4B-7C75360C75B4}.Release|Any CPU.ActiveCfg = Release|Any CPU
		{5322514D-BF4E-4FE3-AE4B-7C75360C75B4}.Release|Any CPU.Build.0 = Release|Any CPU
	EndGlobalSection
EndGlobal
